
Microsoft Visual Studio Solution File, Format Version 12.00
# Visual Studio 15
VisualStudioVersion = 15.0.28307.489
MinimumVisualStudioVersion = 10.0.40219.1
Project("{8BC9CEB8-8B4A-11D0-8D11-00A0C91BC942}") = "ExercisesWithPointers", "ExercisesWithPointers\ExercisesWithPointers.vcxproj", "{78ABF98F-5B79-496B-A81B-F7AFE6A90BA0}"
EndProject
Global
	GlobalSection(SolutionConfigurationPlatforms) = preSolution
		Debug|x64 = Debug|x64
		Debug|x86 = Debug|x86
		Release|x64 = Release|x64
		Release|x86 = Release|x86
	EndGlobalSection
	GlobalSection(ProjectConfigurationPlatforms) = postSolution
		{78ABF98F-5B79-496B-A81B-F7AFE6A90BA0}.Debug|x64.ActiveCfg = Debug|x64
		{78ABF98F-5B79-496B-A81B-F7AFE6A90BA0}.Debug|x64.Build.0 = Debug|x64
		{78ABF98F-5B79-496B-A81B-F7AFE6A90BA0}.Debug|x86.ActiveCfg = Debug|Win32
		{78ABF98F-5B79-496B-A81B-F7AFE6A90BA0}.Debug|x86.Build.0 = Debug|Win32
		{78ABF98F-5B79-496B-A81B-F7AFE6A90BA0}.Release|x64.ActiveCfg = Release|x64
		{78ABF98F-5B79-496B-A81B-F7AFE6A90BA0}.Release|x64.Build.0 = Release|x64
		{78ABF98F-5B79-496B-A81B-F7AFE6A90BA0}.Release|x86.ActiveCfg = Release|Win32
		{78ABF98F-5B79-496B-A81B-F7AFE6A90BA0}.Release|x86.Build.0 = Release|Win32
	EndGlobalSection
	GlobalSection(SolutionProperties) = preSolution
		HideSolutionNode = FALSE
	EndGlobalSection
	GlobalSection(ExtensibilityGlobals) = postSolution
		SolutionGuid = {556ED1BA-E435-4B53-86A6-07A81E62E61C}
	EndGlobalSection
EndGlobal
